
Microsoft Visual Studio Solution File, Format Version 12.00
# Visual Studio Version 17
VisualStudioVersion = 17.13.35825.156 d17.13
MinimumVisualStudioVersion = 10.0.40219.1
Project("{FAE04EC0-301F-11D3-BF4B-00C04F79EFBC}") = "Projeto_Conta_Bancaria", "Projeto_Conta_Bancaria\Projeto_Conta_Bancaria.csproj", "{87F70B97-9835-4915-A43B-DDD304470FA9}"
EndProject
Global
	GlobalSection(SolutionConfigurationPlatforms) = preSolution
		Debug|Any CPU = Debug|Any CPU
		Release|Any CPU = Release|Any CPU
	EndGlobalSection
	GlobalSection(ProjectConfigurationPlatforms) = postSolution
		{87F70B97-9835-4915-A43B-DDD304470FA9}.Debug|Any CPU.ActiveCfg = Debug|Any CPU
		{87F70B97-9835-4915-A43B-DDD304470FA9}.Debug|Any CPU.Build.0 = Debug|Any CPU
		{87F70B97-9835-4915-A43B-DDD304470FA9}.Release|Any CPU.ActiveCfg = Release|Any CPU
		{87F70B97-9835-4915-A43B-DDD304470FA9}.Release|Any CPU.Build.0 = Release|Any CPU
	EndGlobalSection
	GlobalSection(SolutionProperties) = preSolution
		HideSolutionNode = FALSE
	EndGlobalSection
	GlobalSection(ExtensibilityGlobals) = postSolution
		SolutionGuid = {AD85E2CA-003C-461A-B79F-E45620EDA518}
	EndGlobalSection
EndGlobal
